# THIS IS AN AUTOGENERATED FILE. DO NOT EDIT THIS FILE DIRECTLY.
# yarn lockfile v1


"@greenlabs/garter@^0.5.0":
  version "0.5.0"
  resolved "https://registry.yarnpkg.com/@greenlabs/garter/-/garter-0.5.0.tgz#b634db1daee19b7e0b15bace195bd9f6ec271579"
  integrity sha512-zCqepd+PaNMrwv3J2r8wPHfeTsb2hKzLPaN2BgwHruObgCxdghuUVMr+GeAlVTN8x/1LTm7qfqgAYAJSjh61NQ==

bs-platform@^9.0.1:
  version "9.0.1"
  resolved "https://registry.yarnpkg.com/bs-platform/-/bs-platform-9.0.1.tgz#069dae007aadb400963cec25c8349ea1f3f6cae0"
  integrity sha512-RxUrwxVBCx9AiiyFIthZwfPn+tAn9noRHCb9xJK4Uw2deGxIytqyoWDepMbH35v7EpxX0OhfXL5RrjHTaXersA==
