# THIS IS AN AUTOGENERATED FILE. DO NOT EDIT THIS FILE DIRECTLY.
# yarn lockfile v1


"@greenlabs/garter@^0.4.1":
  version "0.4.1"
  resolved "https://registry.yarnpkg.com/@greenlabs/garter/-/garter-0.4.1.tgz#c4d6c178656c2b8bd6089a40da820ba1cee9fa69"
  integrity sha512-vNvLZ4Mxf0oDR8zWygoNoJEG7me7MoBIXYWIMQfOoqRN+igLgtZy0Ocu4sgbchoAvzV83Csal8ToOzM1HgtW3Q==

bs-platform@^9.0.1:
  version "9.0.1"
  resolved "https://registry.yarnpkg.com/bs-platform/-/bs-platform-9.0.1.tgz#069dae007aadb400963cec25c8349ea1f3f6cae0"
  integrity sha512-RxUrwxVBCx9AiiyFIthZwfPn+tAn9noRHCb9xJK4Uw2deGxIytqyoWDepMbH35v7EpxX0OhfXL5RrjHTaXersA==
